
Microsoft Visual Studio Solution File, Format Version 12.00
# Visual Studio 15
VisualStudioVersion = 15.0.26124.0
MinimumVisualStudioVersion = 15.0.26124.0
Project("{2150E333-8FDC-42A3-9474-1A3956D46DE8}") = "src", "src", "{DAD324F5-EAF3-46D6-9656-594378273F9A}"
EndProject
Project("{FAE04EC0-301F-11D3-BF4B-00C04F79EFBC}") = "GradeBook", "src\GradeBook\GradeBook.csproj", "{9240ACE3-5137-49CD-806C-AA0CA1055156}"
EndProject
Project("{2150E333-8FDC-42A3-9474-1A3956D46DE8}") = "test", "test", "{DFA6358B-A956-4A2C-9C57-989AD4C38D7C}"
EndProject
Project("{FAE04EC0-301F-11D3-BF4B-00C04F79EFBC}") = "GradeBook.Tests", "test\GradeBook.Tests\GradeBook.Tests.csproj", "{F246A736-2E57-4A95-8E77-B7B932D9B115}"
EndProject
Global
	GlobalSection(SolutionConfigurationPlatforms) = preSolution
		Debug|Any CPU = Debug|Any CPU
		Debug|x64 = Debug|x64
		Debug|x86 = Debug|x86
		Release|Any CPU = Release|Any CPU
		Release|x64 = Release|x64
		Release|x86 = Release|x86
	EndGlobalSection
	GlobalSection(SolutionProperties) = preSolution
		HideSolutionNode = FALSE
	EndGlobalSection
	GlobalSection(ProjectConfigurationPlatforms) = postSolution
		{9240ACE3-5137-49CD-806C-AA0CA1055156}.Debug|Any CPU.ActiveCfg = Debug|Any CPU
		{9240ACE3-5137-49CD-806C-AA0CA1055156}.Debug|Any CPU.Build.0 = Debug|Any CPU
		{9240ACE3-5137-49CD-806C-AA0CA1055156}.Debug|x64.ActiveCfg = Debug|Any CPU
		{9240ACE3-5137-49CD-806C-AA0CA1055156}.Debug|x64.Build.0 = Debug|Any CPU
		{9240ACE3-5137-49CD-806C-AA0CA1055156}.Debug|x86.ActiveCfg = Debug|Any CPU
		{9240ACE3-5137-49CD-806C-AA0CA1055156}.Debug|x86.Build.0 = Debug|Any CPU
		{9240ACE3-5137-49CD-806C-AA0CA1055156}.Release|Any CPU.ActiveCfg = Release|Any CPU
		{9240ACE3-5137-49CD-806C-AA0CA1055156}.Release|Any CPU.Build.0 = Release|Any CPU
		{9240ACE3-5137-49CD-806C-AA0CA1055156}.Release|x64.ActiveCfg = Release|Any CPU
		{9240ACE3-5137-49CD-806C-AA0CA1055156}.Release|x64.Build.0 = Release|Any CPU
		{9240ACE3-5137-49CD-806C-AA0CA1055156}.Release|x86.ActiveCfg = Release|Any CPU
		{9240ACE3-5137-49CD-806C-AA0CA1055156}.Release|x86.Build.0 = Release|Any CPU
		{F246A736-2E57-4A95-8E77-B7B932D9B115}.Debug|Any CPU.ActiveCfg = Debug|Any CPU
		{F246A736-2E57-4A95-8E77-B7B932D9B115}.Debug|Any CPU.Build.0 = Debug|Any CPU
		{F246A736-2E57-4A95-8E77-B7B932D9B115}.Debug|x64.ActiveCfg = Debug|Any CPU
		{F246A736-2E57-4A95-8E77-B7B932D9B115}.Debug|x64.Build.0 = Debug|Any CPU
		{F246A736-2E57-4A95-8E77-B7B932D9B115}.Debug|x86.ActiveCfg = Debug|Any CPU
		{F246A736-2E57-4A95-8E77-B7B932D9B115}.Debug|x86.Build.0 = Debug|Any CPU
		{F246A736-2E57-4A95-8E77-B7B932D9B115}.Release|Any CPU.ActiveCfg = Release|Any CPU
		{F246A736-2E57-4A95-8E77-B7B932D9B115}.Release|Any CPU.Build.0 = Release|Any CPU
		{F246A736-2E57-4A95-8E77-B7B932D9B115}.Release|x64.ActiveCfg = Release|Any CPU
		{F246A736-2E57-4A95-8E77-B7B932D9B115}.Release|x64.Build.0 = Release|Any CPU
		{F246A736-2E57-4A95-8E77-B7B932D9B115}.Release|x86.ActiveCfg = Release|Any CPU
		{F246A736-2E57-4A95-8E77-B7B932D9B115}.Release|x86.Build.0 = Release|Any CPU
	EndGlobalSection
	GlobalSection(NestedProjects) = preSolution
		{9240ACE3-5137-49CD-806C-AA0CA1055156} = {DAD324F5-EAF3-46D6-9656-594378273F9A}
		{F246A736-2E57-4A95-8E77-B7B932D9B115} = {DFA6358B-A956-4A2C-9C57-989AD4C38D7C}
	EndGlobalSection
EndGlobal
