
Microsoft Visual Studio Solution File, Format Version 12.00
# Visual Studio 15
VisualStudioVersion = 15.0.26124.0
MinimumVisualStudioVersion = 15.0.26124.0
Project("{2150E333-8FDC-42A3-9474-1A3956D46DE8}") = "src", "src", "{87AEE683-BD40-446A-8612-4EB0304A6C60}"
EndProject
Project("{FAE04EC0-301F-11D3-BF4B-00C04F79EFBC}") = "GradeBook", "src\GradeBook\GradeBook.csproj", "{68131B6C-196B-4895-B961-C2C504170F69}"
EndProject
Project("{2150E333-8FDC-42A3-9474-1A3956D46DE8}") = "test", "test", "{A10F076D-20C9-47F7-B37C-7036073DFF5A}"
EndProject
Project("{FAE04EC0-301F-11D3-BF4B-00C04F79EFBC}") = "GradeBook.Tests", "test\GradeBook.Tests\GradeBook.Tests.csproj", "{F63B4AE8-F793-4474-8CE9-F624C7303C63}"
EndProject
Global
	GlobalSection(SolutionConfigurationPlatforms) = preSolution
		Debug|Any CPU = Debug|Any CPU
		Debug|x64 = Debug|x64
		Debug|x86 = Debug|x86
		Release|Any CPU = Release|Any CPU
		Release|x64 = Release|x64
		Release|x86 = Release|x86
	EndGlobalSection
	GlobalSection(SolutionProperties) = preSolution
		HideSolutionNode = FALSE
	EndGlobalSection
	GlobalSection(ProjectConfigurationPlatforms) = postSolution
		{68131B6C-196B-4895-B961-C2C504170F69}.Debug|Any CPU.ActiveCfg = Debug|Any CPU
		{68131B6C-196B-4895-B961-C2C504170F69}.Debug|Any CPU.Build.0 = Debug|Any CPU
		{68131B6C-196B-4895-B961-C2C504170F69}.Debug|x64.ActiveCfg = Debug|Any CPU
		{68131B6C-196B-4895-B961-C2C504170F69}.Debug|x64.Build.0 = Debug|Any CPU
		{68131B6C-196B-4895-B961-C2C504170F69}.Debug|x86.ActiveCfg = Debug|Any CPU
		{68131B6C-196B-4895-B961-C2C504170F69}.Debug|x86.Build.0 = Debug|Any CPU
		{68131B6C-196B-4895-B961-C2C504170F69}.Release|Any CPU.ActiveCfg = Release|Any CPU
		{68131B6C-196B-4895-B961-C2C504170F69}.Release|Any CPU.Build.0 = Release|Any CPU
		{68131B6C-196B-4895-B961-C2C504170F69}.Release|x64.ActiveCfg = Release|Any CPU
		{68131B6C-196B-4895-B961-C2C504170F69}.Release|x64.Build.0 = Release|Any CPU
		{68131B6C-196B-4895-B961-C2C504170F69}.Release|x86.ActiveCfg = Release|Any CPU
		{68131B6C-196B-4895-B961-C2C504170F69}.Release|x86.Build.0 = Release|Any CPU
		{F63B4AE8-F793-4474-8CE9-F624C7303C63}.Debug|Any CPU.ActiveCfg = Debug|Any CPU
		{F63B4AE8-F793-4474-8CE9-F624C7303C63}.Debug|Any CPU.Build.0 = Debug|Any CPU
		{F63B4AE8-F793-4474-8CE9-F624C7303C63}.Debug|x64.ActiveCfg = Debug|Any CPU
		{F63B4AE8-F793-4474-8CE9-F624C7303C63}.Debug|x64.Build.0 = Debug|Any CPU
		{F63B4AE8-F793-4474-8CE9-F624C7303C63}.Debug|x86.ActiveCfg = Debug|Any CPU
		{F63B4AE8-F793-4474-8CE9-F624C7303C63}.Debug|x86.Build.0 = Debug|Any CPU
		{F63B4AE8-F793-4474-8CE9-F624C7303C63}.Release|Any CPU.ActiveCfg = Release|Any CPU
		{F63B4AE8-F793-4474-8CE9-F624C7303C63}.Release|Any CPU.Build.0 = Release|Any CPU
		{F63B4AE8-F793-4474-8CE9-F624C7303C63}.Release|x64.ActiveCfg = Release|Any CPU
		{F63B4AE8-F793-4474-8CE9-F624C7303C63}.Release|x64.Build.0 = Release|Any CPU
		{F63B4AE8-F793-4474-8CE9-F624C7303C63}.Release|x86.ActiveCfg = Release|Any CPU
		{F63B4AE8-F793-4474-8CE9-F624C7303C63}.Release|x86.Build.0 = Release|Any CPU
	EndGlobalSection
	GlobalSection(NestedProjects) = preSolution
		{68131B6C-196B-4895-B961-C2C504170F69} = {87AEE683-BD40-446A-8612-4EB0304A6C60}
		{F63B4AE8-F793-4474-8CE9-F624C7303C63} = {A10F076D-20C9-47F7-B37C-7036073DFF5A}
	EndGlobalSection
EndGlobal
